{
  "lockfile_version": "1",
  "packages": {
    "poetry@latest": {
      "last_modified": "2024-12-23T21:10:33Z",
      "resolved": "github:NixOS/nixpkgs/de1864217bfa9b5845f465e771e0ecb48b30e02d#poetry",
      "source": "devbox-search",
      "version": "1.8.5",
      "systems": {
        "aarch64-darwin": {
          "outputs": [
            {
              "name": "out",
              "path": "/nix/store/7byk413j70l3lik0n32siyqakp3g9a0m-python3.12-poetry-1.8.5",
              "default": true
            },
            {
              "name": "dist",
              "path": "/nix/store/s21gsbchsrydkbvl7ngjin34n2r19r0m-python3.12-poetry-1.8.5-dist"
            }
          ],
          "store_path": "/nix/store/7byk413j70l3lik0n32siyqakp3g9a0m-python3.12-poetry-1.8.5"
        },
        "aarch64-linux": {
          "outputs": [
            {
              "name": "out",
              "path": "/nix/store/lhrlmjwd4f5r3k41iiigvd4s5ajny60y-python3.12-poetry-1.8.5",
              "default": true
            },
            {
              "name": "dist",
              "path": "/nix/store/220rh02c20bhmg29a5a63x7pi1qqa7q8-python3.12-poetry-1.8.5-dist"
            }
          ],
          "store_path": "/nix/store/lhrlmjwd4f5r3k41iiigvd4s5ajny60y-python3.12-poetry-1.8.5"
        },
        "x86_64-darwin": {
          "outputs": [
            {
              "name": "out",
              "path": "/nix/store/vy4rvacd91pim4xk9f745q84lswg5zhp-python3.12-poetry-1.8.5",
              "default": true
            },
            {
              "name": "dist",
              "path": "/nix/store/qhl9gjps5ay3y18lyrzzd6bx7c320bsb-python3.12-poetry-1.8.5-dist"
            }
          ],
          "store_path": "/nix/store/vy4rvacd91pim4xk9f745q84lswg5zhp-python3.12-poetry-1.8.5"
        },
        "x86_64-linux": {
          "outputs": [
            {
              "name": "out",
              "path": "/nix/store/dvrlqlsjqggqqarr54mc52zv0yfwy0k3-python3.12-poetry-1.8.5",
              "default": true
            },
            {
              "name": "dist",
              "path": "/nix/store/13wgc66fs2r7khswmn91krk06dmxw3c3-python3.12-poetry-1.8.5-dist"
            }
          ],
          "store_path": "/nix/store/dvrlqlsjqggqqarr54mc52zv0yfwy0k3-python3.12-poetry-1.8.5"
        }
      }
    }
  }
}
